
Microsoft Visual Studio Solution File, Format Version 12.00
# Visual Studio Version 17
VisualStudioVersion = 17.7.34031.279
MinimumVisualStudioVersion = 10.0.40219.1
Project("{9A19103F-16F7-4668-BE54-9A1E7A4F7556}") = "gallinas", "gallinas.csproj", "{6EDBD182-1E7F-4BEA-8935-45846FDA0D87}"
EndProject
Global
	GlobalSection(SolutionConfigurationPlatforms) = preSolution
		Debug|Any CPU = Debug|Any CPU
		Release|Any CPU = Release|Any CPU
	EndGlobalSection
	GlobalSection(ProjectConfigurationPlatforms) = postSolution
		{6EDBD182-1E7F-4BEA-8935-45846FDA0D87}.Debug|Any CPU.ActiveCfg = Debug|Any CPU
		{6EDBD182-1E7F-4BEA-8935-45846FDA0D87}.Debug|Any CPU.Build.0 = Debug|Any CPU
		{6EDBD182-1E7F-4BEA-8935-45846FDA0D87}.Release|Any CPU.ActiveCfg = Release|Any CPU
		{6EDBD182-1E7F-4BEA-8935-45846FDA0D87}.Release|Any CPU.Build.0 = Release|Any CPU
	EndGlobalSection
	GlobalSection(SolutionProperties) = preSolution
		HideSolutionNode = FALSE
	EndGlobalSection
	GlobalSection(ExtensibilityGlobals) = postSolution
		SolutionGuid = {FC5E78EA-C909-491D-A22A-C63E2A9859AC}
	EndGlobalSection
EndGlobal
